
Microsoft Visual Studio Solution File, Format Version 12.00
# Visual Studio Version 17
VisualStudioVersion = 17.9.34728.123
MinimumVisualStudioVersion = 10.0.40219.1
Project("{8BC9CEB8-8B4A-11D0-8D11-00A0C91BC942}") = "Actividad 1 y 2", "Actividad 1\Actividad 1.vcxproj", "{6AA45994-5B8B-46A2-A65C-A5266623F38B}"
EndProject
Project("{8BC9CEB8-8B4A-11D0-8D11-00A0C91BC942}") = "BusquedaIndexada", "BusquedaIndexada\BusquedaIndexada.vcxproj", "{38BE9E2F-5767-420F-ACE2-5749D27905F6}"
EndProject
Project("{8BC9CEB8-8B4A-11D0-8D11-00A0C91BC942}") = "Actividad4", "Actividad4\Actividad4.vcxproj", "{4086C3BD-8E85-4FA4-932D-DE9A43F8F0C6}"
EndProject
Project("{8BC9CEB8-8B4A-11D0-8D11-00A0C91BC942}") = "Actividad3", "Actividad3\Actividad3.vcxproj", "{D611606B-A29C-4DB4-B6F6-E9F5F50D809B}"
EndProject
Project("{8BC9CEB8-8B4A-11D0-8D11-00A0C91BC942}") = "Actividad5", "Actividad5\Actividad5.vcxproj", "{FE574970-9F90-456F-AB65-13B5374ECC97}"
EndProject
Project("{8BC9CEB8-8B4A-11D0-8D11-00A0C91BC942}") = "MiPropioAVL", "MiPropioAVL\MiPropioAVL.vcxproj", "{3C7B81F0-3475-431D-BE84-74F4F5392C7E}"
EndProject
Project("{8BC9CEB8-8B4A-11D0-8D11-00A0C91BC942}") = "ArbolRojoNegro", "ArbolRojoNegro\ArbolRojoNegro.vcxproj", "{177D6ED1-C173-405C-81F0-9A2C7FB66444}"
EndProject
Global
	GlobalSection(SolutionConfigurationPlatforms) = preSolution
		Debug|x64 = Debug|x64
		Debug|x86 = Debug|x86
		Release|x64 = Release|x64
		Release|x86 = Release|x86
	EndGlobalSection
	GlobalSection(ProjectConfigurationPlatforms) = postSolution
		{6AA45994-5B8B-46A2-A65C-A5266623F38B}.Debug|x64.ActiveCfg = Debug|x64
		{6AA45994-5B8B-46A2-A65C-A5266623F38B}.Debug|x64.Build.0 = Debug|x64
		{6AA45994-5B8B-46A2-A65C-A5266623F38B}.Debug|x86.ActiveCfg = Debug|Win32
		{6AA45994-5B8B-46A2-A65C-A5266623F38B}.Debug|x86.Build.0 = Debug|Win32
		{6AA45994-5B8B-46A2-A65C-A5266623F38B}.Release|x64.ActiveCfg = Release|x64
		{6AA45994-5B8B-46A2-A65C-A5266623F38B}.Release|x64.Build.0 = Release|x64
		{6AA45994-5B8B-46A2-A65C-A5266623F38B}.Release|x86.ActiveCfg = Release|Win32
		{6AA45994-5B8B-46A2-A65C-A5266623F38B}.Release|x86.Build.0 = Release|Win32
		{38BE9E2F-5767-420F-ACE2-5749D27905F6}.Debug|x64.ActiveCfg = Debug|x64
		{38BE9E2F-5767-420F-ACE2-5749D27905F6}.Debug|x64.Build.0 = Debug|x64
		{38BE9E2F-5767-420F-ACE2-5749D27905F6}.Debug|x86.ActiveCfg = Debug|Win32
		{38BE9E2F-5767-420F-ACE2-5749D27905F6}.Debug|x86.Build.0 = Debug|Win32
		{38BE9E2F-5767-420F-ACE2-5749D27905F6}.Release|x64.ActiveCfg = Release|x64
		{38BE9E2F-5767-420F-ACE2-5749D27905F6}.Release|x64.Build.0 = Release|x64
		{38BE9E2F-5767-420F-ACE2-5749D27905F6}.Release|x86.ActiveCfg = Release|Win32
		{38BE9E2F-5767-420F-ACE2-5749D27905F6}.Release|x86.Build.0 = Release|Win32
		{4086C3BD-8E85-4FA4-932D-DE9A43F8F0C6}.Debug|x64.ActiveCfg = Debug|x64
		{4086C3BD-8E85-4FA4-932D-DE9A43F8F0C6}.Debug|x64.Build.0 = Debug|x64
		{4086C3BD-8E85-4FA4-932D-DE9A43F8F0C6}.Debug|x86.ActiveCfg = Debug|Win32
		{4086C3BD-8E85-4FA4-932D-DE9A43F8F0C6}.Debug|x86.Build.0 = Debug|Win32
		{4086C3BD-8E85-4FA4-932D-DE9A43F8F0C6}.Release|x64.ActiveCfg = Release|x64
		{4086C3BD-8E85-4FA4-932D-DE9A43F8F0C6}.Release|x64.Build.0 = Release|x64
		{4086C3BD-8E85-4FA4-932D-DE9A43F8F0C6}.Release|x86.ActiveCfg = Release|Win32
		{4086C3BD-8E85-4FA4-932D-DE9A43F8F0C6}.Release|x86.Build.0 = Release|Win32
		{D611606B-A29C-4DB4-B6F6-E9F5F50D809B}.Debug|x64.ActiveCfg = Debug|x64
		{D611606B-A29C-4DB4-B6F6-E9F5F50D809B}.Debug|x64.Build.0 = Debug|x64
		{D611606B-A29C-4DB4-B6F6-E9F5F50D809B}.Debug|x86.ActiveCfg = Debug|Win32
		{D611606B-A29C-4DB4-B6F6-E9F5F50D809B}.Debug|x86.Build.0 = Debug|Win32
		{D611606B-A29C-4DB4-B6F6-E9F5F50D809B}.Release|x64.ActiveCfg = Release|x64
		{D611606B-A29C-4DB4-B6F6-E9F5F50D809B}.Release|x64.Build.0 = Release|x64
		{D611606B-A29C-4DB4-B6F6-E9F5F50D809B}.Release|x86.ActiveCfg = Release|Win32
		{D611606B-A29C-4DB4-B6F6-E9F5F50D809B}.Release|x86.Build.0 = Release|Win32
		{FE574970-9F90-456F-AB65-13B5374ECC97}.Debug|x64.ActiveCfg = Debug|x64
		{FE574970-9F90-456F-AB65-13B5374ECC97}.Debug|x64.Build.0 = Debug|x64
		{FE574970-9F90-456F-AB65-13B5374ECC97}.Debug|x86.ActiveCfg = Debug|Win32
		{FE574970-9F90-456F-AB65-13B5374ECC97}.Debug|x86.Build.0 = Debug|Win32
		{FE574970-9F90-456F-AB65-13B5374ECC97}.Release|x64.ActiveCfg = Release|x64
		{FE574970-9F90-456F-AB65-13B5374ECC97}.Release|x64.Build.0 = Release|x64
		{FE574970-9F90-456F-AB65-13B5374ECC97}.Release|x86.ActiveCfg = Release|Win32
		{FE574970-9F90-456F-AB65-13B5374ECC97}.Release|x86.Build.0 = Release|Win32
		{3C7B81F0-3475-431D-BE84-74F4F5392C7E}.Debug|x64.ActiveCfg = Debug|x64
		{3C7B81F0-3475-431D-BE84-74F4F5392C7E}.Debug|x64.Build.0 = Debug|x64
		{3C7B81F0-3475-431D-BE84-74F4F5392C7E}.Debug|x86.ActiveCfg = Debug|Win32
		{3C7B81F0-3475-431D-BE84-74F4F5392C7E}.Debug|x86.Build.0 = Debug|Win32
		{3C7B81F0-3475-431D-BE84-74F4F5392C7E}.Release|x64.ActiveCfg = Release|x64
		{3C7B81F0-3475-431D-BE84-74F4F5392C7E}.Release|x64.Build.0 = Release|x64
		{3C7B81F0-3475-431D-BE84-74F4F5392C7E}.Release|x86.ActiveCfg = Release|Win32
		{3C7B81F0-3475-431D-BE84-74F4F5392C7E}.Release|x86.Build.0 = Release|Win32
		{177D6ED1-C173-405C-81F0-9A2C7FB66444}.Debug|x64.ActiveCfg = Debug|x64
		{177D6ED1-C173-405C-81F0-9A2C7FB66444}.Debug|x64.Build.0 = Debug|x64
		{177D6ED1-C173-405C-81F0-9A2C7FB66444}.Debug|x86.ActiveCfg = Debug|Win32
		{177D6ED1-C173-405C-81F0-9A2C7FB66444}.Debug|x86.Build.0 = Debug|Win32
		{177D6ED1-C173-405C-81F0-9A2C7FB66444}.Release|x64.ActiveCfg = Release|x64
		{177D6ED1-C173-405C-81F0-9A2C7FB66444}.Release|x64.Build.0 = Release|x64
		{177D6ED1-C173-405C-81F0-9A2C7FB66444}.Release|x86.ActiveCfg = Release|Win32
		{177D6ED1-C173-405C-81F0-9A2C7FB66444}.Release|x86.Build.0 = Release|Win32
	EndGlobalSection
	GlobalSection(SolutionProperties) = preSolution
		HideSolutionNode = FALSE
	EndGlobalSection
	GlobalSection(ExtensibilityGlobals) = postSolution
		SolutionGuid = {00EBFB1B-6788-416B-9F56-66D1C8CA7277}
	EndGlobalSection
EndGlobal
